
Microsoft Visual Studio Solution File, Format Version 12.00
# Visual Studio Version 17
VisualStudioVersion = 17.11.35118.90
MinimumVisualStudioVersion = 10.0.40219.1
Project("{2150E333-8FDC-42A3-9474-1A3956D46DE8}") = "API", "API", "{86289CF0-7CF2-4E7E-8323-A939DAFE8389}"
EndProject
Project("{9A19103F-16F7-4668-BE54-9A1E7A4F7556}") = "Data", "Data\Data.csproj", "{72AD226A-DA2E-415C-A9D7-6B9A3BD7143F}"
EndProject
Project("{9A19103F-16F7-4668-BE54-9A1E7A4F7556}") = "DAL", "DAL\DAL.csproj", "{E334CF43-EDBE-41C7-862E-CFEECA6C67BA}"
EndProject
Project("{9A19103F-16F7-4668-BE54-9A1E7A4F7556}") = "Services", "Services\Services.csproj", "{91C59377-ADC8-4785-94FF-EEC4694D02B1}"
EndProject
Project("{9A19103F-16F7-4668-BE54-9A1E7A4F7556}") = "Country_StateApi", "Country_StateApi\Country_StateApi.csproj", "{5238E9C2-B613-4389-BB54-9C90C72BA304}"
EndProject
Project("{2150E333-8FDC-42A3-9474-1A3956D46DE8}") = "Client", "Client", "{17C9B301-6685-4AA5-ADEA-7190F7B5F8D2}"
EndProject
Project("{9A19103F-16F7-4668-BE54-9A1E7A4F7556}") = "Country_State_Web", "Country_State_Web\Country_State_Web.csproj", "{CF4A8A3C-6D85-4A47-B852-3F38B97458E5}"
EndProject
Project("{9A19103F-16F7-4668-BE54-9A1E7A4F7556}") = "DTO", "DTO\DTO.csproj", "{2844D4D7-9499-4FA0-A9D6-F6F252E1908B}"
EndProject
Project("{2150E333-8FDC-42A3-9474-1A3956D46DE8}") = "CountryState", "CountryState", "{297DDB6B-8318-49F5-863C-27F24C2AA24F}"
EndProject
Project("{9A19103F-16F7-4668-BE54-9A1E7A4F7556}") = "SOLID_Principles", "SOLID_Principles\SOLID_Principles.csproj", "{8A3B1536-6A49-427F-81C9-B49A661061EF}"
EndProject
Project("{FAE04EC0-301F-11D3-BF4B-00C04F79EFBC}") = "CRUDOperation", "CRUDOperation\CRUDOperation.csproj", "{A2590B97-D46D-4703-B01D-3C2E5E3C2449}"
EndProject
Project("{FAE04EC0-301F-11D3-BF4B-00C04F79EFBC}") = "CRUDUsingADO", "CRUDUsingADO\CRUDUsingADO.csproj", "{2F62D751-0E98-438E-8275-B12BFEBD48E5}"
EndProject
Project("{9A19103F-16F7-4668-BE54-9A1E7A4F7556}") = "Ref_Example", "Ref_Example\Ref_Example.csproj", "{E2759826-9070-40D7-A6E2-03504FAA05A5}"
EndProject
Project("{9A19103F-16F7-4668-BE54-9A1E7A4F7556}") = "nextWave_Task", "nextWave_Task\nextWave_Task.csproj", "{A67189F6-B3B1-45F7-BF6C-7FDBA867794B}"
EndProject
Project("{2150E333-8FDC-42A3-9474-1A3956D46DE8}") = "Web API", "Web API", "{F9FF42B7-8134-40C3-AC32-859C674E48DC}"
EndProject
Project("{FAE04EC0-301F-11D3-BF4B-00C04F79EFBC}") = "Web_ApiExample", "Web_ApiExample\Web_ApiExample.csproj", "{24049507-9A63-4F16-A3B3-6B76D0647822}"
EndProject
Global
	GlobalSection(SolutionConfigurationPlatforms) = preSolution
		Debug|Any CPU = Debug|Any CPU
		Release|Any CPU = Release|Any CPU
	EndGlobalSection
	GlobalSection(ProjectConfigurationPlatforms) = postSolution
		{72AD226A-DA2E-415C-A9D7-6B9A3BD7143F}.Debug|Any CPU.ActiveCfg = Debug|Any CPU
		{72AD226A-DA2E-415C-A9D7-6B9A3BD7143F}.Debug|Any CPU.Build.0 = Debug|Any CPU
		{72AD226A-DA2E-415C-A9D7-6B9A3BD7143F}.Release|Any CPU.ActiveCfg = Release|Any CPU
		{72AD226A-DA2E-415C-A9D7-6B9A3BD7143F}.Release|Any CPU.Build.0 = Release|Any CPU
		{E334CF43-EDBE-41C7-862E-CFEECA6C67BA}.Debug|Any CPU.ActiveCfg = Debug|Any CPU
		{E334CF43-EDBE-41C7-862E-CFEECA6C67BA}.Debug|Any CPU.Build.0 = Debug|Any CPU
		{E334CF43-EDBE-41C7-862E-CFEECA6C67BA}.Release|Any CPU.ActiveCfg = Release|Any CPU
		{E334CF43-EDBE-41C7-862E-CFEECA6C67BA}.Release|Any CPU.Build.0 = Release|Any CPU
		{91C59377-ADC8-4785-94FF-EEC4694D02B1}.Debug|Any CPU.ActiveCfg = Debug|Any CPU
		{91C59377-ADC8-4785-94FF-EEC4694D02B1}.Debug|Any CPU.Build.0 = Debug|Any CPU
		{91C59377-ADC8-4785-94FF-EEC4694D02B1}.Release|Any CPU.ActiveCfg = Release|Any CPU
		{91C59377-ADC8-4785-94FF-EEC4694D02B1}.Release|Any CPU.Build.0 = Release|Any CPU
		{5238E9C2-B613-4389-BB54-9C90C72BA304}.Debug|Any CPU.ActiveCfg = Debug|Any CPU
		{5238E9C2-B613-4389-BB54-9C90C72BA304}.Debug|Any CPU.Build.0 = Debug|Any CPU
		{5238E9C2-B613-4389-BB54-9C90C72BA304}.Release|Any CPU.ActiveCfg = Release|Any CPU
		{5238E9C2-B613-4389-BB54-9C90C72BA304}.Release|Any CPU.Build.0 = Release|Any CPU
		{CF4A8A3C-6D85-4A47-B852-3F38B97458E5}.Debug|Any CPU.ActiveCfg = Debug|Any CPU
		{CF4A8A3C-6D85-4A47-B852-3F38B97458E5}.Debug|Any CPU.Build.0 = Debug|Any CPU
		{CF4A8A3C-6D85-4A47-B852-3F38B97458E5}.Release|Any CPU.ActiveCfg = Release|Any CPU
		{CF4A8A3C-6D85-4A47-B852-3F38B97458E5}.Release|Any CPU.Build.0 = Release|Any CPU
		{2844D4D7-9499-4FA0-A9D6-F6F252E1908B}.Debug|Any CPU.ActiveCfg = Debug|Any CPU
		{2844D4D7-9499-4FA0-A9D6-F6F252E1908B}.Debug|Any CPU.Build.0 = Debug|Any CPU
		{2844D4D7-9499-4FA0-A9D6-F6F252E1908B}.Release|Any CPU.ActiveCfg = Release|Any CPU
		{2844D4D7-9499-4FA0-A9D6-F6F252E1908B}.Release|Any CPU.Build.0 = Release|Any CPU
		{8A3B1536-6A49-427F-81C9-B49A661061EF}.Debug|Any CPU.ActiveCfg = Debug|Any CPU
		{8A3B1536-6A49-427F-81C9-B49A661061EF}.Debug|Any CPU.Build.0 = Debug|Any CPU
		{8A3B1536-6A49-427F-81C9-B49A661061EF}.Release|Any CPU.ActiveCfg = Release|Any CPU
		{8A3B1536-6A49-427F-81C9-B49A661061EF}.Release|Any CPU.Build.0 = Release|Any CPU
		{A2590B97-D46D-4703-B01D-3C2E5E3C2449}.Debug|Any CPU.ActiveCfg = Debug|Any CPU
		{A2590B97-D46D-4703-B01D-3C2E5E3C2449}.Debug|Any CPU.Build.0 = Debug|Any CPU
		{A2590B97-D46D-4703-B01D-3C2E5E3C2449}.Release|Any CPU.ActiveCfg = Release|Any CPU
		{A2590B97-D46D-4703-B01D-3C2E5E3C2449}.Release|Any CPU.Build.0 = Release|Any CPU
		{2F62D751-0E98-438E-8275-B12BFEBD48E5}.Debug|Any CPU.ActiveCfg = Debug|Any CPU
		{2F62D751-0E98-438E-8275-B12BFEBD48E5}.Debug|Any CPU.Build.0 = Debug|Any CPU
		{2F62D751-0E98-438E-8275-B12BFEBD48E5}.Release|Any CPU.ActiveCfg = Release|Any CPU
		{2F62D751-0E98-438E-8275-B12BFEBD48E5}.Release|Any CPU.Build.0 = Release|Any CPU
		{E2759826-9070-40D7-A6E2-03504FAA05A5}.Debug|Any CPU.ActiveCfg = Debug|Any CPU
		{E2759826-9070-40D7-A6E2-03504FAA05A5}.Debug|Any CPU.Build.0 = Debug|Any CPU
		{E2759826-9070-40D7-A6E2-03504FAA05A5}.Release|Any CPU.ActiveCfg = Release|Any CPU
		{E2759826-9070-40D7-A6E2-03504FAA05A5}.Release|Any CPU.Build.0 = Release|Any CPU
		{A67189F6-B3B1-45F7-BF6C-7FDBA867794B}.Debug|Any CPU.ActiveCfg = Debug|Any CPU
		{A67189F6-B3B1-45F7-BF6C-7FDBA867794B}.Debug|Any CPU.Build.0 = Debug|Any CPU
		{A67189F6-B3B1-45F7-BF6C-7FDBA867794B}.Release|Any CPU.ActiveCfg = Release|Any CPU
		{A67189F6-B3B1-45F7-BF6C-7FDBA867794B}.Release|Any CPU.Build.0 = Release|Any CPU
		{24049507-9A63-4F16-A3B3-6B76D0647822}.Debug|Any CPU.ActiveCfg = Debug|Any CPU
		{24049507-9A63-4F16-A3B3-6B76D0647822}.Debug|Any CPU.Build.0 = Debug|Any CPU
		{24049507-9A63-4F16-A3B3-6B76D0647822}.Release|Any CPU.ActiveCfg = Release|Any CPU
		{24049507-9A63-4F16-A3B3-6B76D0647822}.Release|Any CPU.Build.0 = Release|Any CPU
	EndGlobalSection
	GlobalSection(SolutionProperties) = preSolution
		HideSolutionNode = FALSE
	EndGlobalSection
	GlobalSection(NestedProjects) = preSolution
		{86289CF0-7CF2-4E7E-8323-A939DAFE8389} = {297DDB6B-8318-49F5-863C-27F24C2AA24F}
		{72AD226A-DA2E-415C-A9D7-6B9A3BD7143F} = {86289CF0-7CF2-4E7E-8323-A939DAFE8389}
		{E334CF43-EDBE-41C7-862E-CFEECA6C67BA} = {86289CF0-7CF2-4E7E-8323-A939DAFE8389}
		{91C59377-ADC8-4785-94FF-EEC4694D02B1} = {86289CF0-7CF2-4E7E-8323-A939DAFE8389}
		{5238E9C2-B613-4389-BB54-9C90C72BA304} = {86289CF0-7CF2-4E7E-8323-A939DAFE8389}
		{17C9B301-6685-4AA5-ADEA-7190F7B5F8D2} = {297DDB6B-8318-49F5-863C-27F24C2AA24F}
		{CF4A8A3C-6D85-4A47-B852-3F38B97458E5} = {17C9B301-6685-4AA5-ADEA-7190F7B5F8D2}
		{2844D4D7-9499-4FA0-A9D6-F6F252E1908B} = {86289CF0-7CF2-4E7E-8323-A939DAFE8389}
		{24049507-9A63-4F16-A3B3-6B76D0647822} = {F9FF42B7-8134-40C3-AC32-859C674E48DC}
	EndGlobalSection
	GlobalSection(ExtensibilityGlobals) = postSolution
		SolutionGuid = {8E9B604B-B33A-4733-9CEB-0A5322826B72}
	EndGlobalSection
EndGlobal
